
Microsoft Visual Studio Solution File, Format Version 12.00
# Visual Studio Version 16
VisualStudioVersion = 16.0.30413.136
MinimumVisualStudioVersion = 10.0.40219.1
Project("{FAE04EC0-301F-11D3-BF4B-00C04F79EFBC}") = "jarmu_park", "jarmu_park\jarmu_park.csproj", "{53EC8618-3532-4875-9412-6F98EBD25EC6}"
EndProject
Global
	GlobalSection(SolutionConfigurationPlatforms) = preSolution
		Debug|Any CPU = Debug|Any CPU
		Release|Any CPU = Release|Any CPU
	EndGlobalSection
	GlobalSection(ProjectConfigurationPlatforms) = postSolution
		{53EC8618-3532-4875-9412-6F98EBD25EC6}.Debug|Any CPU.ActiveCfg = Debug|Any CPU
		{53EC8618-3532-4875-9412-6F98EBD25EC6}.Debug|Any CPU.Build.0 = Debug|Any CPU
		{53EC8618-3532-4875-9412-6F98EBD25EC6}.Release|Any CPU.ActiveCfg = Release|Any CPU
		{53EC8618-3532-4875-9412-6F98EBD25EC6}.Release|Any CPU.Build.0 = Release|Any CPU
	EndGlobalSection
	GlobalSection(SolutionProperties) = preSolution
		HideSolutionNode = FALSE
	EndGlobalSection
	GlobalSection(ExtensibilityGlobals) = postSolution
		SolutionGuid = {924A46B9-079F-46B1-B58E-940A828C99A2}
	EndGlobalSection
EndGlobal
